{
  "name": "PROJECT",
  "lockfileVersion": 2,
  "requires": true,
  "packages": {
    "": {
      "dependencies": {
        "chart": "^0.1.2"
      }
    },
    "node_modules/chart": {
      "version": "0.1.2",
      "resolved": "https://registry.npmjs.org/chart/-/chart-0.1.2.tgz",
      "integrity": "sha1-adnpFsJqi+2Fsp34Asdjq1KX0xg=",
      "dependencies": {
        "hashish": "",
        "hat": "",
        "mrcolor": "https://github.com/rook2pawn/mrcolor/archive/master.tar.gz"
      }
    },
    "node_modules/color-convert": {
      "version": "0.2.1",
      "resolved": "https://registry.npmjs.org/color-convert/-/color-convert-0.2.1.tgz",
      "integrity": "sha1-NjyrI8lLMaDWTbcQSLjGqUD4xow=",
      "engines": {
        "node": "*"
      }
    },
    "node_modules/hashish": {
      "version": "0.0.4",
      "resolved": "https://registry.npmjs.org/hashish/-/hashish-0.0.4.tgz",
      "integrity": "sha1-bWC8b/r3Ebav1g5CbQd5iAFOZVQ=",
      "dependencies": {
        "traverse": ">=0.2.4"
      },
      "engines": {
        "node": "*"
      }
    },
    "node_modules/hat": {
      "version": "0.0.3",
      "resolved": "https://registry.npmjs.org/hat/-/hat-0.0.3.tgz",
      "integrity": "sha1-uwFKnmSzeIrtgAWRdBPU/z1QLYo=",
      "engines": {
        "node": "*"
      }
    },
    "node_modules/mrcolor": {
      "version": "0.0.1",
      "resolved": "https://github.com/rook2pawn/mrcolor/archive/master.tar.gz",
      "integrity": "sha512-feteSepg0FRp0fW3RafigAjU7gXiiaa4OlMW39FEmcvQPbD7Zlpc2PSu4hVBPSBR4XNee8n6EjCTfK0O37DL5A==",
      "license": "MIT/X11",
      "dependencies": {
        "color-convert": "0.2.x"
      }
    },
    "node_modules/traverse": {
      "version": "0.6.6",
      "resolved": "https://registry.npmjs.org/traverse/-/traverse-0.6.6.tgz",
      "integrity": "sha1-y99WD9e5r2MlAv7UD5GMFX6pcTc="
    }
  },
  "dependencies": {
    "chart": {
      "version": "0.1.2",
      "resolved": "https://registry.npmjs.org/chart/-/chart-0.1.2.tgz",
      "integrity": "sha1-adnpFsJqi+2Fsp34Asdjq1KX0xg=",
      "requires": {
        "hashish": "",
        "hat": "",
        "mrcolor": "https://github.com/rook2pawn/mrcolor/archive/master.tar.gz"
      }
    },
    "color-convert": {
      "version": "0.2.1",
      "resolved": "https://registry.npmjs.org/color-convert/-/color-convert-0.2.1.tgz",
      "integrity": "sha1-NjyrI8lLMaDWTbcQSLjGqUD4xow="
    },
    "hashish": {
      "version": "0.0.4",
      "resolved": "https://registry.npmjs.org/hashish/-/hashish-0.0.4.tgz",
      "integrity": "sha1-bWC8b/r3Ebav1g5CbQd5iAFOZVQ=",
      "requires": {
        "traverse": ">=0.2.4"
      }
    },
    "hat": {
      "version": "0.0.3",
      "resolved": "https://registry.npmjs.org/hat/-/hat-0.0.3.tgz",
      "integrity": "sha1-uwFKnmSzeIrtgAWRdBPU/z1QLYo="
    },
    "mrcolor": {
      "version": "https://github.com/rook2pawn/mrcolor/archive/master.tar.gz",
      "integrity": "sha512-feteSepg0FRp0fW3RafigAjU7gXiiaa4OlMW39FEmcvQPbD7Zlpc2PSu4hVBPSBR4XNee8n6EjCTfK0O37DL5A==",
      "requires": {
        "color-convert": "0.2.x"
      }
    },
    "traverse": {
      "version": "0.6.6",
      "resolved": "https://registry.npmjs.org/traverse/-/traverse-0.6.6.tgz",
      "integrity": "sha1-y99WD9e5r2MlAv7UD5GMFX6pcTc="
    }
  }
}
